{
    "_meta": {
        "hash": {
            "sha256": "72bf2da60fe8439bedb0283e363f25ccf019d609ecddd8c475582158788c6b23"
        },
        "pipfile-spec": 6,
        "requires": {
            "python_version": "3.6"
        },
        "sources": [
            {
                "name": "pypi",
                "url": "https://pypi.python.org/simple",
                "verify_ssl": true
            }
        ]
    },
    "default": {
        "distlib": {
            "hashes": [
                "sha256:14bad2d9b04d3a36127ac97f30b12a19268f211063d8f8ee4f47108896e11b46",
                "sha256:f35c4b692542ca110de7ef0bea44d73981caeb34ca0b9b6b2e6d7790dda8f80e"
            ],
            "version": "==0.3.6"
        },
        "filelock": {
            "hashes": [
                "sha256:0f12f552b42b5bf60dba233710bf71337d35494fc8bdd4fd6d9f6d082ad45e06",
                "sha256:a4bc51381e01502a30e9f06dd4fa19a1712eab852b6fb0f84fd7cce0793d8ca3"
            ],
            "markers": "python_version >= '3.6'",
            "version": "==3.4.1"
        },
        "importlib-metadata": {
            "hashes": [
                "sha256:65a9576a5b2d58ca44d133c42a241905cc45e34d2c06fd5ba2bafa221e5d7b5e",
                "sha256:766abffff765960fcc18003801f7044eb6755ffae4521c8e8ce8e83b9c9b0668"
            ],
            "markers": "python_version < '3.8'",
            "version": "==4.8.3"
        },
        "importlib-resources": {
            "hashes": [
                "sha256:33a95faed5fc19b4bc16b29a6eeae248a3fe69dd55d4d229d2b480e23eeaad45",
                "sha256:d756e2f85dd4de2ba89be0b21dba2a3bbec2e871a42a3a16719258a11f87506b"
            ],
            "markers": "python_version < '3.7'",
            "version": "==5.4.0"
        },
        "numpy": {
            "hashes": [
                "sha256:1479b46b6040b5c689831496354c8859c456b152d37315673a0c18720b41223b",
                "sha256:194074058c22a4066e1b6a4ea432486ee468d24ab16f13630c1030409e6b8666",
                "sha256:24bbec9a199f938eab75de8390f410969bc33c218e5430fa1ae9401b00865255",
                "sha256:289ff717138cd9aa133adcbd3c3e284458b9c8230db4d42b39083a3407370317",
                "sha256:3de643935b212307b420248018323a44ec51987a336d1d747c1322afc3c099fb",
                "sha256:428cd3c0b197cf857671353d8c85833193921af9fafcc169a1f29c7185833d50",
                "sha256:4e13f1a848fde960dea33702770265837c72b796a6a3eaac7528cfe75ddefadd",
                "sha256:5c54fb98ecf42da59ed93736d1c071842482b18657eb16ba6e466bd873e1b923",
                "sha256:6112f152b76a28c450bbf665da11757078a724a90330112f5b7ea2d6b6cefd67",
                "sha256:75471acf298d455b035226cc609a92aee42c4bb6aa71def85f77fa2c2b646b61",
                "sha256:781d3197da49c421a07f250750de70a52c42af08ca02a2f7bdb571c0625ae7eb",
                "sha256:7880f412543e96548374a4bb1d75e4cdb8cad80f3a101ed0f8d0e0428f719c1c",
                "sha256:7c5276763646480143d5f3a6c2acb2885460c765051a1baf4d5070f63d05010f",
                "sha256:91101216d72749df63968d86611b549438fb18af2c63849c01f9a897516133c7",
                "sha256:93b26d6c06a22e64d56aaca32aaaffd27a4143db0ac2f21a048f0b571f2bfc55",
                "sha256:97507349abb7d1f6b76b877258defe8720833881dc7e7fd052bac90c88587387",
                "sha256:98b1ac79c160e36093d7914244e40ee1e7164223e795aa2c71dcce367554e646",
                "sha256:9ddf384ac3aacb72e122a8207775cc29727cbd9c531ee1a4b95754f24f42f7f3",
                "sha256:a476e437d73e5754aa66e1e75840d0163119c3911b7361f4cd06985212a3c3fb",
                "sha256:b2547f57d05ba59df4289493254f29f4c9082d255f1f97b7e286f40f453e33a1",
                "sha256:c5eccb4bf96dbb2436c61bb3c2658139e779679b6ae0d04c5e268e6608b58053",
                "sha256:eef6af1c752eef538a96018ef9bdf8e37bbf28aab50a1436501a4aa47a6467df",
                "sha256:ff8a4b2c3ac831964f529a2da506c28d002562b230261ae5c16885f5f53d2e75"
            ],
            "index": "pypi",
            "version": "==1.14.0"
        },
        "platformdirs": {
            "hashes": [
                "sha256:367a5e80b3d04d2428ffa76d33f124cf11e8fff2acdaa9b43d545f5c7d661ef2",
                "sha256:8868bbe3c3c80d42f20156f22e7131d2fb321f5bc86a2a345375c6481a67021d"
            ],
            "markers": "python_version >= '3.6'",
            "version": "==2.4.0"
        },
        "pluggy": {
            "hashes": [
                "sha256:15b2acde666561e1298d71b523007ed7364de07029219b604cf808bfa1c765b0",
                "sha256:966c145cd83c96502c3c3868f50408687b38434af77734af1e9ca461a4081d2d"
            ],
            "markers": "python_version >= '2.7' and python_version not in '3.0, 3.1, 3.2, 3.3'",
            "version": "==0.13.1"
        },
        "py": {
            "hashes": [
                "sha256:51c75c4126074b472f746a24399ad32f6053d1b34b68d2fa41e558e6f4a98719",
                "sha256:607c53218732647dff4acdfcd50cb62615cedf612e72d1724fb1a0cc6405b378"
            ],
            "markers": "python_version >= '2.7' and python_version not in '3.0, 3.1, 3.2, 3.3, 3.4'",
            "version": "==1.11.0"
        },
        "six": {
            "hashes": [
                "sha256:1e61c37477a1626458e36f7b1d82aa5c9b094fa4802892072e49de9c60c4c926",
                "sha256:8abb2f1d86890a2dfb989f9a77cfcfd3e47c2a354b01111771326f8aa26e0254"
            ],
            "markers": "python_version >= '2.7' and python_version not in '3.0, 3.1, 3.2, 3.3'",
            "version": "==1.16.0"
        },
        "tox": {
            "hashes": [
                "sha256:752f5ec561c6c08c5ecb167d3b20f4f4ffc158c0ab78855701a75f5cef05f4b8",
                "sha256:8af30fd835a11f3ff8e95176ccba5a4e60779df4d96a9dfefa1a1704af263225"
            ],
            "index": "pypi",
            "version": "==2.9.1"
        },
        "typing-extensions": {
            "hashes": [
                "sha256:1a9462dcc3347a79b1f1c0271fbe79e844580bb598bafa1ed208b94da3cdcd42",
                "sha256:21c85e0fe4b9a155d0799430b0ad741cdce7e359660ccbd8b530613e8df88ce2"
            ],
            "markers": "python_version < '3.8'",
            "version": "==4.1.1"
        },
        "virtualenv": {
            "hashes": [
                "sha256:ce3b1684d6e1a20a3e5ed36795a97dfc6af29bc3970ca8dab93e11ac6094b3c4",
                "sha256:f8b927684efc6f1cc206c9db297a570ab9ad0e51c16fa9e45487d36d1905c058"
            ],
            "markers": "python_version != '3.2'",
            "version": "==20.17.1"
        },
        "zipp": {
            "hashes": [
                "sha256:71c644c5369f4a6e07636f0aa966270449561fcea2e3d6747b8d23efaa9d7832",
                "sha256:9fe5ea21568a0a70e50f273397638d39b03353731e6cbbb3fd8502a33fec40bc"
            ],
            "markers": "python_version >= '3.6'",
            "version": "==3.6.0"
        }
    },
    "develop": {
        "certifi": {
            "hashes": [
                "sha256:35824b4c3a97115964b408844d64aa14db1cc518f6562e8d7261699d1350a9e3",
                "sha256:4ad3232f5e926d6718ec31cfc1fcadfde020920e278684144551c91769c7bc18"
            ],
            "index": "pypi",
            "version": "==2022.12.7"
        },
        "charset-normalizer": {
            "hashes": [
                "sha256:2857e29ff0d34db842cd7ca3230549d1a697f96ee6d3fb071cfa6c7393832597",
                "sha256:6881edbebdb17b39b4eaaa821b438bf6eddffb4468cf344f09f89def34a8b1df"
            ],
            "markers": "python_version >= '3'",
            "version": "==2.0.12"
        },
        "distlib": {
            "hashes": [
                "sha256:14bad2d9b04d3a36127ac97f30b12a19268f211063d8f8ee4f47108896e11b46",
                "sha256:f35c4b692542ca110de7ef0bea44d73981caeb34ca0b9b6b2e6d7790dda8f80e"
            ],
            "version": "==0.3.6"
        },
        "filelock": {
            "hashes": [
                "sha256:0f12f552b42b5bf60dba233710bf71337d35494fc8bdd4fd6d9f6d082ad45e06",
                "sha256:a4bc51381e01502a30e9f06dd4fa19a1712eab852b6fb0f84fd7cce0793d8ca3"
            ],
            "markers": "python_version >= '3.6'",
            "version": "==3.4.1"
        },
        "idna": {
            "hashes": [
                "sha256:814f528e8dead7d329833b91c5faa87d60bf71824cd12a7530b5526063d02cb4",
                "sha256:90b77e79eaa3eba6de819a0c442c0b4ceefc341a7a2ab77d7562bf49f425c5c2"
            ],
            "markers": "python_version >= '3'",
            "version": "==3.4"
        },
        "importlib-metadata": {
            "hashes": [
                "sha256:65a9576a5b2d58ca44d133c42a241905cc45e34d2c06fd5ba2bafa221e5d7b5e",
                "sha256:766abffff765960fcc18003801f7044eb6755ffae4521c8e8ce8e83b9c9b0668"
            ],
            "markers": "python_version < '3.8'",
            "version": "==4.8.3"
        },
        "importlib-resources": {
            "hashes": [
                "sha256:33a95faed5fc19b4bc16b29a6eeae248a3fe69dd55d4d229d2b480e23eeaad45",
                "sha256:d756e2f85dd4de2ba89be0b21dba2a3bbec2e871a42a3a16719258a11f87506b"
            ],
            "markers": "python_version < '3.7'",
            "version": "==5.4.0"
        },
        "pip": {
            "hashes": [
                "sha256:deaf32dcd9ab821e359cd8330786bcd077604b5c5730c0b096eda46f95c24a2d",
                "sha256:fd11ba3d0fdb4c07fbc5ecbba0b1b719809420f25038f8ee3cd913d3faa3033a"
            ],
            "markers": "python_version >= '3.6'",
            "version": "==21.3.1"
        },
        "pkginfo": {
            "hashes": [
                "sha256:ac03e37e4d601aaee40f8087f63fc4a2a6c9814dda2c8fa6aab1b1829653bdfa",
                "sha256:d580059503f2f4549ad6e4c106d7437356dbd430e2c7df99ee1efe03d75f691e"
            ],
            "markers": "python_version >= '3.6'",
            "version": "==1.9.2"
        },
        "platformdirs": {
            "hashes": [
                "sha256:367a5e80b3d04d2428ffa76d33f124cf11e8fff2acdaa9b43d545f5c7d661ef2",
                "sha256:8868bbe3c3c80d42f20156f22e7131d2fb321f5bc86a2a345375c6481a67021d"
            ],
            "markers": "python_version >= '3.6'",
            "version": "==2.4.0"
        },
        "pluggy": {
            "hashes": [
                "sha256:15b2acde666561e1298d71b523007ed7364de07029219b604cf808bfa1c765b0",
                "sha256:966c145cd83c96502c3c3868f50408687b38434af77734af1e9ca461a4081d2d"
            ],
            "markers": "python_version >= '2.7' and python_version not in '3.0, 3.1, 3.2, 3.3'",
            "version": "==0.13.1"
        },
        "py": {
            "hashes": [
                "sha256:51c75c4126074b472f746a24399ad32f6053d1b34b68d2fa41e558e6f4a98719",
                "sha256:607c53218732647dff4acdfcd50cb62615cedf612e72d1724fb1a0cc6405b378"
            ],
            "markers": "python_version >= '2.7' and python_version not in '3.0, 3.1, 3.2, 3.3, 3.4'",
            "version": "==1.11.0"
        },
        "pypandoc": {
            "hashes": [
                "sha256:e914e6d5f84a76764887e4d909b09d63308725f0cbb5293872c2c92f07c11a5b"
            ],
            "index": "pypi",
            "version": "==1.4"
        },
        "requests": {
            "hashes": [
                "sha256:68d7c56fd5a8999887728ef304a6d12edc7be74f1cfa47714fc8b414525c9a61",
                "sha256:f22fa1e554c9ddfd16e6e41ac79759e17be9e492b3587efa038054674760e72d"
            ],
            "markers": "python_version >= '2.7' and python_version not in '3.0, 3.1, 3.2, 3.3, 3.4, 3.5'",
            "version": "==2.27.1"
        },
        "requests-toolbelt": {
            "hashes": [
                "sha256:18565aa58116d9951ac39baa288d3adb5b3ff975c4f25eee78555d89e8f247f7",
                "sha256:62e09f7ff5ccbda92772a29f394a49c3ad6cb181d568b1337626b2abb628a63d"
            ],
            "markers": "python_version >= '2.7' and python_version not in '3.0, 3.1, 3.2, 3.3'",
            "version": "==0.10.1"
        },
        "setuptools": {
            "hashes": [
                "sha256:22c7348c6d2976a52632c67f7ab0cdf40147db7789f9aed18734643fe9cf3373",
                "sha256:4ce92f1e1f8f01233ee9952c04f6b81d1e02939d6e1b488428154974a4d0783e"
            ],
            "markers": "python_version >= '3.6'",
            "version": "==59.6.0"
        },
        "six": {
            "hashes": [
                "sha256:1e61c37477a1626458e36f7b1d82aa5c9b094fa4802892072e49de9c60c4c926",
                "sha256:8abb2f1d86890a2dfb989f9a77cfcfd3e47c2a354b01111771326f8aa26e0254"
            ],
            "markers": "python_version >= '2.7' and python_version not in '3.0, 3.1, 3.2, 3.3'",
            "version": "==1.16.0"
        },
        "tox": {
            "hashes": [
                "sha256:752f5ec561c6c08c5ecb167d3b20f4f4ffc158c0ab78855701a75f5cef05f4b8",
                "sha256:8af30fd835a11f3ff8e95176ccba5a4e60779df4d96a9dfefa1a1704af263225"
            ],
            "index": "pypi",
            "version": "==2.9.1"
        },
        "tqdm": {
            "hashes": [
                "sha256:5f4f682a004951c1b450bc753c710e9280c5746ce6ffedee253ddbcbf54cf1e4",
                "sha256:6fee160d6ffcd1b1c68c65f14c829c22832bc401726335ce92c52d395944a6a1"
            ],
            "markers": "python_version >= '2.7' and python_version not in '3.0, 3.1, 3.2, 3.3'",
            "version": "==4.64.1"
        },
        "twine": {
            "hashes": [
                "sha256:caa45b7987fc96321258cd7668e3be2ff34064f5c66d2d975b641adca659c1ab",
                "sha256:d3ce5c480c22ccfb761cd358526e862b32546d2fe4bc93d46b5cf04ea3cc46ca"
            ],
            "index": "pypi",
            "version": "==1.9.1"
        },
        "typing-extensions": {
            "hashes": [
                "sha256:1a9462dcc3347a79b1f1c0271fbe79e844580bb598bafa1ed208b94da3cdcd42",
                "sha256:21c85e0fe4b9a155d0799430b0ad741cdce7e359660ccbd8b530613e8df88ce2"
            ],
            "markers": "python_version < '3.8'",
            "version": "==4.1.1"
        },
        "urllib3": {
            "hashes": [
                "sha256:47cc05d99aaa09c9e72ed5809b60e7ba354e64b59c9c173ac3018642d8bb41fc",
                "sha256:c083dd0dce68dbfbe1129d5271cb90f9447dea7d52097c6e0126120c521ddea8"
            ],
            "markers": "python_version >= '2.7' and python_version not in '3.0, 3.1, 3.2, 3.3, 3.4, 3.5'",
            "version": "==1.26.13"
        },
        "virtualenv": {
            "hashes": [
                "sha256:ce3b1684d6e1a20a3e5ed36795a97dfc6af29bc3970ca8dab93e11ac6094b3c4",
                "sha256:f8b927684efc6f1cc206c9db297a570ab9ad0e51c16fa9e45487d36d1905c058"
            ],
            "markers": "python_version != '3.2'",
            "version": "==20.17.1"
        },
        "wheel": {
            "hashes": [
                "sha256:9515fe0a94e823fd90b08d22de45d7bde57c90edce705b22f5e1ecf7e1b653c8",
                "sha256:e721e53864f084f956f40f96124a74da0631ac13fbbd1ba99e8e2b5e9cafdf64"
            ],
            "index": "pypi",
            "version": "==0.30.0"
        },
        "zipp": {
            "hashes": [
                "sha256:71c644c5369f4a6e07636f0aa966270449561fcea2e3d6747b8d23efaa9d7832",
                "sha256:9fe5ea21568a0a70e50f273397638d39b03353731e6cbbb3fd8502a33fec40bc"
            ],
            "markers": "python_version >= '3.6'",
            "version": "==3.6.0"
        }
    }
}
